
Microsoft Visual Studio Solution File, Format Version 12.00
# Visual Studio 2013
VisualStudioVersion = 12.0.31101.0
MinimumVisualStudioVersion = 10.0.40219.1
Project("{2150E333-8FDC-42A3-9474-1A3956D46DE8}") = "Spartan", "Spartan", "{E964ABA2-6416-47C9-B953-03AF1CCF1C7F}"
EndProject
Project("{2150E333-8FDC-42A3-9474-1A3956D46DE8}") = "BuildTools", "BuildTools", "{DCA2CE38-3490-4630-81EE-2E9630111A8F}"
EndProject
Project("{8BC9CEB8-8B4A-11D0-8D11-00A0C91BC942}") = "mkiso", "Msvc\mkiso.vcxproj", "{C0C02B0B-9379-4E59-8809-98E1CC54C003}"
	ProjectSection(ProjectDependencies) = postProject
		{67B5B406-5A34-488F-8FEB-EC4CBC9A2E84} = {67B5B406-5A34-488F-8FEB-EC4CBC9A2E84}
		{F5629D12-DB91-49F3-A092-9532F923FD35} = {F5629D12-DB91-49F3-A092-9532F923FD35}
		{05F04B1F-8F23-43E7-98E1-52682EE9B6F3} = {05F04B1F-8F23-43E7-98E1-52682EE9B6F3}
		{3A9AA82D-4F5A-4B7A-8D1A-6224D217B68E} = {3A9AA82D-4F5A-4B7A-8D1A-6224D217B68E}
		{EAA7872E-AB0B-45DA-AC93-74B3A2915373} = {EAA7872E-AB0B-45DA-AC93-74B3A2915373}
		{DBB3073B-B592-4CC3-8E84-FBCA517755FD} = {DBB3073B-B592-4CC3-8E84-FBCA517755FD}
		{C6002953-FDC7-4575-A584-E963D52ED526} = {C6002953-FDC7-4575-A584-E963D52ED526}
		{ACFB0567-ED05-4372-8A94-5CED7041C0A7} = {ACFB0567-ED05-4372-8A94-5CED7041C0A7}
		{91B01E75-85E4-4EE0-B8DB-2A815AF8C246} = {91B01E75-85E4-4EE0-B8DB-2A815AF8C246}
		{C7E3FFAD-5F48-4509-980A-76E3C33699AA} = {C7E3FFAD-5F48-4509-980A-76E3C33699AA}
		{46F6DDBE-B33F-4979-9347-4F2E9F402D47} = {46F6DDBE-B33F-4979-9347-4F2E9F402D47}
		{FE956CC6-DF06-4A12-BE57-737D6F77648C} = {FE956CC6-DF06-4A12-BE57-737D6F77648C}
		{76CD83DE-7D3A-441E-9A47-DBB18A030C1E} = {76CD83DE-7D3A-441E-9A47-DBB18A030C1E}
		{700DDFFA-AF21-4E9F-B76D-44EDE9575423} = {700DDFFA-AF21-4E9F-B76D-44EDE9575423}
	EndProjectSection
EndProject
Project("{2150E333-8FDC-42A3-9474-1A3956D46DE8}") = "Applications", "Applications", "{7471DED6-B9E2-4D74-9D03-F117308FE513}"
EndProject
Project("{8BC9CEB8-8B4A-11D0-8D11-00A0C91BC942}") = "Shell", "Msvc\Shell.vcxproj", "{ACFB0567-ED05-4372-8A94-5CED7041C0A7}"
	ProjectSection(ProjectDependencies) = postProject
		{EAA7872E-AB0B-45DA-AC93-74B3A2915373} = {EAA7872E-AB0B-45DA-AC93-74B3A2915373}
	EndProjectSection
EndProject
Project("{8BC9CEB8-8B4A-11D0-8D11-00A0C91BC942}") = "Kernel", "Msvc\Kernel.vcxproj", "{EAA7872E-AB0B-45DA-AC93-74B3A2915373}"
EndProject
Project("{8BC9CEB8-8B4A-11D0-8D11-00A0C91BC942}") = "Desktop", "Msvc\Desktop.vcxproj", "{3A9AA82D-4F5A-4B7A-8D1A-6224D217B68E}"
	ProjectSection(ProjectDependencies) = postProject
		{EAA7872E-AB0B-45DA-AC93-74B3A2915373} = {EAA7872E-AB0B-45DA-AC93-74B3A2915373}
		{ACFB0567-ED05-4372-8A94-5CED7041C0A7} = {ACFB0567-ED05-4372-8A94-5CED7041C0A7}
	EndProjectSection
EndProject
Project("{8BC9CEB8-8B4A-11D0-8D11-00A0C91BC942}") = "UnitTest", "Msvc\UnitTest.vcxproj", "{700DDFFA-AF21-4E9F-B76D-44EDE9575423}"
	ProjectSection(ProjectDependencies) = postProject
		{3A9AA82D-4F5A-4B7A-8D1A-6224D217B68E} = {3A9AA82D-4F5A-4B7A-8D1A-6224D217B68E}
		{EAA7872E-AB0B-45DA-AC93-74B3A2915373} = {EAA7872E-AB0B-45DA-AC93-74B3A2915373}
		{ACFB0567-ED05-4372-8A94-5CED7041C0A7} = {ACFB0567-ED05-4372-8A94-5CED7041C0A7}
	EndProjectSection
EndProject
Project("{8BC9CEB8-8B4A-11D0-8D11-00A0C91BC942}") = "Dir", "Demos\Dir.vcxproj", "{05F04B1F-8F23-43E7-98E1-52682EE9B6F3}"
EndProject
Project("{8BC9CEB8-8B4A-11D0-8D11-00A0C91BC942}") = "Settings", "Demos\Settings.vcxproj", "{F5629D12-DB91-49F3-A092-9532F923FD35}"
EndProject
Project("{8BC9CEB8-8B4A-11D0-8D11-00A0C91BC942}") = "Gui", "Demos\Gui.vcxproj", "{91B01E75-85E4-4EE0-B8DB-2A815AF8C246}"
EndProject
Project("{8BC9CEB8-8B4A-11D0-8D11-00A0C91BC942}") = "Blocker", "Demos\Blocker.vcxproj", "{DBB3073B-B592-4CC3-8E84-FBCA517755FD}"
EndProject
Project("{8BC9CEB8-8B4A-11D0-8D11-00A0C91BC942}") = "Bmp", "Demos\Bmp.vcxproj", "{76CD83DE-7D3A-441E-9A47-DBB18A030C1E}"
EndProject
Project("{8BC9CEB8-8B4A-11D0-8D11-00A0C91BC942}") = "Calc", "Demos\Calc.vcxproj", "{C7E3FFAD-5F48-4509-980A-76E3C33699AA}"
EndProject
Project("{8BC9CEB8-8B4A-11D0-8D11-00A0C91BC942}") = "Chat", "Demos\Chat.vcxproj", "{46F6DDBE-B33F-4979-9347-4F2E9F402D47}"
EndProject
Project("{8BC9CEB8-8B4A-11D0-8D11-00A0C91BC942}") = "Console", "Demos\Console.vcxproj", "{67B5B406-5A34-488F-8FEB-EC4CBC9A2E84}"
EndProject
Project("{8BC9CEB8-8B4A-11D0-8D11-00A0C91BC942}") = "Txt", "Demos\Txt.vcxproj", "{FE956CC6-DF06-4A12-BE57-737D6F77648C}"
EndProject
Project("{8BC9CEB8-8B4A-11D0-8D11-00A0C91BC942}") = "Library", "Msvc\Library.vcxproj", "{C6002953-FDC7-4575-A584-E963D52ED526}"
EndProject
Global
	GlobalSection(SolutionConfigurationPlatforms) = preSolution
		Debug|Win32 = Debug|Win32
		Optimized|Win32 = Optimized|Win32
		Release|Win32 = Release|Win32
	EndGlobalSection
	GlobalSection(ProjectConfigurationPlatforms) = postSolution
		{C0C02B0B-9379-4E59-8809-98E1CC54C003}.Debug|Win32.ActiveCfg = Debug|Win32
		{C0C02B0B-9379-4E59-8809-98E1CC54C003}.Debug|Win32.Build.0 = Debug|Win32
		{C0C02B0B-9379-4E59-8809-98E1CC54C003}.Optimized|Win32.ActiveCfg = Release|Win32
		{C0C02B0B-9379-4E59-8809-98E1CC54C003}.Optimized|Win32.Build.0 = Release|Win32
		{C0C02B0B-9379-4E59-8809-98E1CC54C003}.Release|Win32.ActiveCfg = Release|Win32
		{C0C02B0B-9379-4E59-8809-98E1CC54C003}.Release|Win32.Build.0 = Release|Win32
		{ACFB0567-ED05-4372-8A94-5CED7041C0A7}.Debug|Win32.ActiveCfg = Debug|Win32
		{ACFB0567-ED05-4372-8A94-5CED7041C0A7}.Debug|Win32.Build.0 = Debug|Win32
		{ACFB0567-ED05-4372-8A94-5CED7041C0A7}.Optimized|Win32.ActiveCfg = Optimized|Win32
		{ACFB0567-ED05-4372-8A94-5CED7041C0A7}.Optimized|Win32.Build.0 = Optimized|Win32
		{ACFB0567-ED05-4372-8A94-5CED7041C0A7}.Release|Win32.ActiveCfg = Release|Win32
		{ACFB0567-ED05-4372-8A94-5CED7041C0A7}.Release|Win32.Build.0 = Release|Win32
		{EAA7872E-AB0B-45DA-AC93-74B3A2915373}.Debug|Win32.ActiveCfg = Debug|Win32
		{EAA7872E-AB0B-45DA-AC93-74B3A2915373}.Debug|Win32.Build.0 = Debug|Win32
		{EAA7872E-AB0B-45DA-AC93-74B3A2915373}.Optimized|Win32.ActiveCfg = Optimized|Win32
		{EAA7872E-AB0B-45DA-AC93-74B3A2915373}.Optimized|Win32.Build.0 = Optimized|Win32
		{EAA7872E-AB0B-45DA-AC93-74B3A2915373}.Release|Win32.ActiveCfg = Release|Win32
		{EAA7872E-AB0B-45DA-AC93-74B3A2915373}.Release|Win32.Build.0 = Release|Win32
		{3A9AA82D-4F5A-4B7A-8D1A-6224D217B68E}.Debug|Win32.ActiveCfg = Debug|Win32
		{3A9AA82D-4F5A-4B7A-8D1A-6224D217B68E}.Debug|Win32.Build.0 = Debug|Win32
		{3A9AA82D-4F5A-4B7A-8D1A-6224D217B68E}.Optimized|Win32.ActiveCfg = Optimized|Win32
		{3A9AA82D-4F5A-4B7A-8D1A-6224D217B68E}.Optimized|Win32.Build.0 = Optimized|Win32
		{3A9AA82D-4F5A-4B7A-8D1A-6224D217B68E}.Release|Win32.ActiveCfg = Release|Win32
		{3A9AA82D-4F5A-4B7A-8D1A-6224D217B68E}.Release|Win32.Build.0 = Release|Win32
		{700DDFFA-AF21-4E9F-B76D-44EDE9575423}.Debug|Win32.ActiveCfg = Debug|Win32
		{700DDFFA-AF21-4E9F-B76D-44EDE9575423}.Debug|Win32.Build.0 = Debug|Win32
		{700DDFFA-AF21-4E9F-B76D-44EDE9575423}.Optimized|Win32.ActiveCfg = Optimized|Win32
		{700DDFFA-AF21-4E9F-B76D-44EDE9575423}.Optimized|Win32.Build.0 = Optimized|Win32
		{700DDFFA-AF21-4E9F-B76D-44EDE9575423}.Release|Win32.ActiveCfg = Release|Win32
		{700DDFFA-AF21-4E9F-B76D-44EDE9575423}.Release|Win32.Build.0 = Release|Win32
		{05F04B1F-8F23-43E7-98E1-52682EE9B6F3}.Debug|Win32.ActiveCfg = Debug|Win32
		{05F04B1F-8F23-43E7-98E1-52682EE9B6F3}.Debug|Win32.Build.0 = Debug|Win32
		{05F04B1F-8F23-43E7-98E1-52682EE9B6F3}.Optimized|Win32.ActiveCfg = Optimized|Win32
		{05F04B1F-8F23-43E7-98E1-52682EE9B6F3}.Optimized|Win32.Build.0 = Optimized|Win32
		{05F04B1F-8F23-43E7-98E1-52682EE9B6F3}.Release|Win32.ActiveCfg = Release|Win32
		{05F04B1F-8F23-43E7-98E1-52682EE9B6F3}.Release|Win32.Build.0 = Release|Win32
		{F5629D12-DB91-49F3-A092-9532F923FD35}.Debug|Win32.ActiveCfg = Debug|Win32
		{F5629D12-DB91-49F3-A092-9532F923FD35}.Debug|Win32.Build.0 = Debug|Win32
		{F5629D12-DB91-49F3-A092-9532F923FD35}.Optimized|Win32.ActiveCfg = Optimized|Win32
		{F5629D12-DB91-49F3-A092-9532F923FD35}.Optimized|Win32.Build.0 = Optimized|Win32
		{F5629D12-DB91-49F3-A092-9532F923FD35}.Release|Win32.ActiveCfg = Release|Win32
		{F5629D12-DB91-49F3-A092-9532F923FD35}.Release|Win32.Build.0 = Release|Win32
		{91B01E75-85E4-4EE0-B8DB-2A815AF8C246}.Debug|Win32.ActiveCfg = Debug|Win32
		{91B01E75-85E4-4EE0-B8DB-2A815AF8C246}.Debug|Win32.Build.0 = Debug|Win32
		{91B01E75-85E4-4EE0-B8DB-2A815AF8C246}.Optimized|Win32.ActiveCfg = Optimized|Win32
		{91B01E75-85E4-4EE0-B8DB-2A815AF8C246}.Optimized|Win32.Build.0 = Optimized|Win32
		{91B01E75-85E4-4EE0-B8DB-2A815AF8C246}.Release|Win32.ActiveCfg = Release|Win32
		{91B01E75-85E4-4EE0-B8DB-2A815AF8C246}.Release|Win32.Build.0 = Release|Win32
		{DBB3073B-B592-4CC3-8E84-FBCA517755FD}.Debug|Win32.ActiveCfg = Debug|Win32
		{DBB3073B-B592-4CC3-8E84-FBCA517755FD}.Debug|Win32.Build.0 = Debug|Win32
		{DBB3073B-B592-4CC3-8E84-FBCA517755FD}.Optimized|Win32.ActiveCfg = Optimized|Win32
		{DBB3073B-B592-4CC3-8E84-FBCA517755FD}.Optimized|Win32.Build.0 = Optimized|Win32
		{DBB3073B-B592-4CC3-8E84-FBCA517755FD}.Release|Win32.ActiveCfg = Release|Win32
		{DBB3073B-B592-4CC3-8E84-FBCA517755FD}.Release|Win32.Build.0 = Release|Win32
		{76CD83DE-7D3A-441E-9A47-DBB18A030C1E}.Debug|Win32.ActiveCfg = Debug|Win32
		{76CD83DE-7D3A-441E-9A47-DBB18A030C1E}.Debug|Win32.Build.0 = Debug|Win32
		{76CD83DE-7D3A-441E-9A47-DBB18A030C1E}.Optimized|Win32.ActiveCfg = Optimized|Win32
		{76CD83DE-7D3A-441E-9A47-DBB18A030C1E}.Optimized|Win32.Build.0 = Optimized|Win32
		{76CD83DE-7D3A-441E-9A47-DBB18A030C1E}.Release|Win32.ActiveCfg = Release|Win32
		{76CD83DE-7D3A-441E-9A47-DBB18A030C1E}.Release|Win32.Build.0 = Release|Win32
		{C7E3FFAD-5F48-4509-980A-76E3C33699AA}.Debug|Win32.ActiveCfg = Debug|Win32
		{C7E3FFAD-5F48-4509-980A-76E3C33699AA}.Debug|Win32.Build.0 = Debug|Win32
		{C7E3FFAD-5F48-4509-980A-76E3C33699AA}.Optimized|Win32.ActiveCfg = Optimized|Win32
		{C7E3FFAD-5F48-4509-980A-76E3C33699AA}.Optimized|Win32.Build.0 = Optimized|Win32
		{C7E3FFAD-5F48-4509-980A-76E3C33699AA}.Release|Win32.ActiveCfg = Release|Win32
		{C7E3FFAD-5F48-4509-980A-76E3C33699AA}.Release|Win32.Build.0 = Release|Win32
		{46F6DDBE-B33F-4979-9347-4F2E9F402D47}.Debug|Win32.ActiveCfg = Debug|Win32
		{46F6DDBE-B33F-4979-9347-4F2E9F402D47}.Debug|Win32.Build.0 = Debug|Win32
		{46F6DDBE-B33F-4979-9347-4F2E9F402D47}.Optimized|Win32.ActiveCfg = Optimized|Win32
		{46F6DDBE-B33F-4979-9347-4F2E9F402D47}.Optimized|Win32.Build.0 = Optimized|Win32
		{46F6DDBE-B33F-4979-9347-4F2E9F402D47}.Release|Win32.ActiveCfg = Release|Win32
		{46F6DDBE-B33F-4979-9347-4F2E9F402D47}.Release|Win32.Build.0 = Release|Win32
		{67B5B406-5A34-488F-8FEB-EC4CBC9A2E84}.Debug|Win32.ActiveCfg = Debug|Win32
		{67B5B406-5A34-488F-8FEB-EC4CBC9A2E84}.Debug|Win32.Build.0 = Debug|Win32
		{67B5B406-5A34-488F-8FEB-EC4CBC9A2E84}.Optimized|Win32.ActiveCfg = Optimized|Win32
		{67B5B406-5A34-488F-8FEB-EC4CBC9A2E84}.Optimized|Win32.Build.0 = Optimized|Win32
		{67B5B406-5A34-488F-8FEB-EC4CBC9A2E84}.Release|Win32.ActiveCfg = Release|Win32
		{67B5B406-5A34-488F-8FEB-EC4CBC9A2E84}.Release|Win32.Build.0 = Release|Win32
		{FE956CC6-DF06-4A12-BE57-737D6F77648C}.Debug|Win32.ActiveCfg = Debug|Win32
		{FE956CC6-DF06-4A12-BE57-737D6F77648C}.Debug|Win32.Build.0 = Debug|Win32
		{FE956CC6-DF06-4A12-BE57-737D6F77648C}.Optimized|Win32.ActiveCfg = Optimized|Win32
		{FE956CC6-DF06-4A12-BE57-737D6F77648C}.Optimized|Win32.Build.0 = Optimized|Win32
		{FE956CC6-DF06-4A12-BE57-737D6F77648C}.Release|Win32.ActiveCfg = Release|Win32
		{FE956CC6-DF06-4A12-BE57-737D6F77648C}.Release|Win32.Build.0 = Release|Win32
		{C6002953-FDC7-4575-A584-E963D52ED526}.Debug|Win32.ActiveCfg = Debug|Win32
		{C6002953-FDC7-4575-A584-E963D52ED526}.Debug|Win32.Build.0 = Debug|Win32
		{C6002953-FDC7-4575-A584-E963D52ED526}.Optimized|Win32.ActiveCfg = Optimized|Win32
		{C6002953-FDC7-4575-A584-E963D52ED526}.Optimized|Win32.Build.0 = Optimized|Win32
		{C6002953-FDC7-4575-A584-E963D52ED526}.Release|Win32.ActiveCfg = Release|Win32
		{C6002953-FDC7-4575-A584-E963D52ED526}.Release|Win32.Build.0 = Release|Win32
	EndGlobalSection
	GlobalSection(SolutionProperties) = preSolution
		HideSolutionNode = FALSE
	EndGlobalSection
	GlobalSection(NestedProjects) = preSolution
		{C0C02B0B-9379-4E59-8809-98E1CC54C003} = {DCA2CE38-3490-4630-81EE-2E9630111A8F}
		{ACFB0567-ED05-4372-8A94-5CED7041C0A7} = {E964ABA2-6416-47C9-B953-03AF1CCF1C7F}
		{EAA7872E-AB0B-45DA-AC93-74B3A2915373} = {E964ABA2-6416-47C9-B953-03AF1CCF1C7F}
		{3A9AA82D-4F5A-4B7A-8D1A-6224D217B68E} = {E964ABA2-6416-47C9-B953-03AF1CCF1C7F}
		{700DDFFA-AF21-4E9F-B76D-44EDE9575423} = {E964ABA2-6416-47C9-B953-03AF1CCF1C7F}
		{05F04B1F-8F23-43E7-98E1-52682EE9B6F3} = {7471DED6-B9E2-4D74-9D03-F117308FE513}
		{F5629D12-DB91-49F3-A092-9532F923FD35} = {7471DED6-B9E2-4D74-9D03-F117308FE513}
		{91B01E75-85E4-4EE0-B8DB-2A815AF8C246} = {7471DED6-B9E2-4D74-9D03-F117308FE513}
		{DBB3073B-B592-4CC3-8E84-FBCA517755FD} = {7471DED6-B9E2-4D74-9D03-F117308FE513}
		{76CD83DE-7D3A-441E-9A47-DBB18A030C1E} = {7471DED6-B9E2-4D74-9D03-F117308FE513}
		{C7E3FFAD-5F48-4509-980A-76E3C33699AA} = {7471DED6-B9E2-4D74-9D03-F117308FE513}
		{46F6DDBE-B33F-4979-9347-4F2E9F402D47} = {7471DED6-B9E2-4D74-9D03-F117308FE513}
		{67B5B406-5A34-488F-8FEB-EC4CBC9A2E84} = {7471DED6-B9E2-4D74-9D03-F117308FE513}
		{FE956CC6-DF06-4A12-BE57-737D6F77648C} = {7471DED6-B9E2-4D74-9D03-F117308FE513}
		{C6002953-FDC7-4575-A584-E963D52ED526} = {E964ABA2-6416-47C9-B953-03AF1CCF1C7F}
	EndGlobalSection
EndGlobal
